
Microsoft Visual Studio Solution File, Format Version 12.00
# Visual Studio 15
VisualStudioVersion = 15.0.28307.102
MinimumVisualStudioVersion = 10.0.40219.1
Project("{FAE04EC0-301F-11D3-BF4B-00C04F79EFBC}") = "Xamarin.Android", "Xamarin\Xamarin.Android\Xamarin.Android.csproj", "{15E8B1CB-13C8-4C09-8604-B39AB172E614}"
EndProject
Project("{FAE04EC0-301F-11D3-BF4B-00C04F79EFBC}") = "Xamarin.iOS", "Xamarin\Xamarin.iOS\Xamarin.iOS.csproj", "{BB5F3C5A-88F6-4B5C-8412-5FCA89DABBC5}"
EndProject
Project("{FAE04EC0-301F-11D3-BF4B-00C04F79EFBC}") = "Xamarin.UWP", "Xamarin\Xamarin.UWP\Xamarin.UWP.csproj", "{F9551DF7-4213-44D4-B443-E30174DC890C}"
EndProject
Project("{FAE04EC0-301F-11D3-BF4B-00C04F79EFBC}") = "Xamarin", "Xamarin\Xamarin\Xamarin.csproj", "{A75563F9-32DC-4E02-9891-5E5661BDD520}"
EndProject
Global
	GlobalSection(SolutionConfigurationPlatforms) = preSolution
		Ad-Hoc|Any CPU = Ad-Hoc|Any CPU
		Ad-Hoc|ARM = Ad-Hoc|ARM
		Ad-Hoc|iPhone = Ad-Hoc|iPhone
		Ad-Hoc|iPhoneSimulator = Ad-Hoc|iPhoneSimulator
		Ad-Hoc|x64 = Ad-Hoc|x64
		Ad-Hoc|x86 = Ad-Hoc|x86
		AppStore|Any CPU = AppStore|Any CPU
		AppStore|ARM = AppStore|ARM
		AppStore|iPhone = AppStore|iPhone
		AppStore|iPhoneSimulator = AppStore|iPhoneSimulator
		AppStore|x64 = AppStore|x64
		AppStore|x86 = AppStore|x86
		Debug|Any CPU = Debug|Any CPU
		Debug|ARM = Debug|ARM
		Debug|iPhone = Debug|iPhone
		Debug|iPhoneSimulator = Debug|iPhoneSimulator
		Debug|x64 = Debug|x64
		Debug|x86 = Debug|x86
		Release|Any CPU = Release|Any CPU
		Release|ARM = Release|ARM
		Release|iPhone = Release|iPhone
		Release|iPhoneSimulator = Release|iPhoneSimulator
		Release|x64 = Release|x64
		Release|x86 = Release|x86
	EndGlobalSection
	GlobalSection(ProjectConfigurationPlatforms) = postSolution
		{15E8B1CB-13C8-4C09-8604-B39AB172E614}.Ad-Hoc|Any CPU.ActiveCfg = Release|Any CPU
		{15E8B1CB-13C8-4C09-8604-B39AB172E614}.Ad-Hoc|Any CPU.Build.0 = Release|Any CPU
		{15E8B1CB-13C8-4C09-8604-B39AB172E614}.Ad-Hoc|Any CPU.Deploy.0 = Release|Any CPU
		{15E8B1CB-13C8-4C09-8604-B39AB172E614}.Ad-Hoc|ARM.ActiveCfg = Release|Any CPU
		{15E8B1CB-13C8-4C09-8604-B39AB172E614}.Ad-Hoc|ARM.Build.0 = Release|Any CPU
		{15E8B1CB-13C8-4C09-8604-B39AB172E614}.Ad-Hoc|ARM.Deploy.0 = Release|Any CPU
		{15E8B1CB-13C8-4C09-8604-B39AB172E614}.Ad-Hoc|iPhone.ActiveCfg = Release|Any CPU
		{15E8B1CB-13C8-4C09-8604-B39AB172E614}.Ad-Hoc|iPhone.Build.0 = Release|Any CPU
		{15E8B1CB-13C8-4C09-8604-B39AB172E614}.Ad-Hoc|iPhone.Deploy.0 = Release|Any CPU
		{15E8B1CB-13C8-4C09-8604-B39AB172E614}.Ad-Hoc|iPhoneSimulator.ActiveCfg = Release|Any CPU
		{15E8B1CB-13C8-4C09-8604-B39AB172E614}.Ad-Hoc|iPhoneSimulator.Build.0 = Release|Any CPU
		{15E8B1CB-13C8-4C09-8604-B39AB172E614}.Ad-Hoc|iPhoneSimulator.Deploy.0 = Release|Any CPU
		{15E8B1CB-13C8-4C09-8604-B39AB172E614}.Ad-Hoc|x64.ActiveCfg = Release|Any CPU
		{15E8B1CB-13C8-4C09-8604-B39AB172E614}.Ad-Hoc|x64.Build.0 = Release|Any CPU
		{15E8B1CB-13C8-4C09-8604-B39AB172E614}.Ad-Hoc|x64.Deploy.0 = Release|Any CPU
		{15E8B1CB-13C8-4C09-8604-B39AB172E614}.Ad-Hoc|x86.ActiveCfg = Release|Any CPU
		{15E8B1CB-13C8-4C09-8604-B39AB172E614}.Ad-Hoc|x86.Build.0 = Release|Any CPU
		{15E8B1CB-13C8-4C09-8604-B39AB172E614}.Ad-Hoc|x86.Deploy.0 = Release|Any CPU
		{15E8B1CB-13C8-4C09-8604-B39AB172E614}.AppStore|Any CPU.ActiveCfg = Release|Any CPU
		{15E8B1CB-13C8-4C09-8604-B39AB172E614}.AppStore|Any CPU.Build.0 = Release|Any CPU
		{15E8B1CB-13C8-4C09-8604-B39AB172E614}.AppStore|Any CPU.Deploy.0 = Release|Any CPU
		{15E8B1CB-13C8-4C09-8604-B39AB172E614}.AppStore|ARM.ActiveCfg = Release|Any CPU
		{15E8B1CB-13C8-4C09-8604-B39AB172E614}.AppStore|ARM.Build.0 = Release|Any CPU
		{15E8B1CB-13C8-4C09-8604-B39AB172E614}.AppStore|ARM.Deploy.0 = Release|Any CPU
		{15E8B1CB-13C8-4C09-8604-B39AB172E614}.AppStore|iPhone.ActiveCfg = Release|Any CPU
		{15E8B1CB-13C8-4C09-8604-B39AB172E614}.AppStore|iPhone.Build.0 = Release|Any CPU
		{15E8B1CB-13C8-4C09-8604-B39AB172E614}.AppStore|iPhone.Deploy.0 = Release|Any CPU
		{15E8B1CB-13C8-4C09-8604-B39AB172E614}.AppStore|iPhoneSimulator.ActiveCfg = Release|Any CPU
		{15E8B1CB-13C8-4C09-8604-B39AB172E614}.AppStore|iPhoneSimulator.Build.0 = Release|Any CPU
		{15E8B1CB-13C8-4C09-8604-B39AB172E614}.AppStore|iPhoneSimulator.Deploy.0 = Release|Any CPU
		{15E8B1CB-13C8-4C09-8604-B39AB172E614}.AppStore|x64.ActiveCfg = Release|Any CPU
		{15E8B1CB-13C8-4C09-8604-B39AB172E614}.AppStore|x64.Build.0 = Release|Any CPU
		{15E8B1CB-13C8-4C09-8604-B39AB172E614}.AppStore|x64.Deploy.0 = Release|Any CPU
		{15E8B1CB-13C8-4C09-8604-B39AB172E614}.AppStore|x86.ActiveCfg = Release|Any CPU
		{15E8B1CB-13C8-4C09-8604-B39AB172E614}.AppStore|x86.Build.0 = Release|Any CPU
		{15E8B1CB-13C8-4C09-8604-B39AB172E614}.AppStore|x86.Deploy.0 = Release|Any CPU
		{15E8B1CB-13C8-4C09-8604-B39AB172E614}.Debug|Any CPU.ActiveCfg = Debug|Any CPU
		{15E8B1CB-13C8-4C09-8604-B39AB172E614}.Debug|Any CPU.Build.0 = Debug|Any CPU
		{15E8B1CB-13C8-4C09-8604-B39AB172E614}.Debug|Any CPU.Deploy.0 = Debug|Any CPU
		{15E8B1CB-13C8-4C09-8604-B39AB172E614}.Debug|ARM.ActiveCfg = Debug|Any CPU
		{15E8B1CB-13C8-4C09-8604-B39AB172E614}.Debug|ARM.Build.0 = Debug|Any CPU
		{15E8B1CB-13C8-4C09-8604-B39AB172E614}.Debug|ARM.Deploy.0 = Debug|Any CPU
		{15E8B1CB-13C8-4C09-8604-B39AB172E614}.Debug|iPhone.ActiveCfg = Debug|Any CPU
		{15E8B1CB-13C8-4C09-8604-B39AB172E614}.Debug|iPhone.Build.0 = Debug|Any CPU
		{15E8B1CB-13C8-4C09-8604-B39AB172E614}.Debug|iPhone.Deploy.0 = Debug|Any CPU
		{15E8B1CB-13C8-4C09-8604-B39AB172E614}.Debug|iPhoneSimulator.ActiveCfg = Debug|Any CPU
		{15E8B1CB-13C8-4C09-8604-B39AB172E614}.Debug|iPhoneSimulator.Build.0 = Debug|Any CPU
		{15E8B1CB-13C8-4C09-8604-B39AB172E614}.Debug|iPhoneSimulator.Deploy.0 = Debug|Any CPU
		{15E8B1CB-13C8-4C09-8604-B39AB172E614}.Debug|x64.ActiveCfg = Debug|Any CPU
		{15E8B1CB-13C8-4C09-8604-B39AB172E614}.Debug|x64.Build.0 = Debug|Any CPU
		{15E8B1CB-13C8-4C09-8604-B39AB172E614}.Debug|x64.Deploy.0 = Debug|Any CPU
		{15E8B1CB-13C8-4C09-8604-B39AB172E614}.Debug|x86.ActiveCfg = Debug|Any CPU
		{15E8B1CB-13C8-4C09-8604-B39AB172E614}.Debug|x86.Build.0 = Debug|Any CPU
		{15E8B1CB-13C8-4C09-8604-B39AB172E614}.Debug|x86.Deploy.0 = Debug|Any CPU
		{15E8B1CB-13C8-4C09-8604-B39AB172E614}.Release|Any CPU.ActiveCfg = Release|Any CPU
		{15E8B1CB-13C8-4C09-8604-B39AB172E614}.Release|Any CPU.Build.0 = Release|Any CPU
		{15E8B1CB-13C8-4C09-8604-B39AB172E614}.Release|Any CPU.Deploy.0 = Release|Any CPU
		{15E8B1CB-13C8-4C09-8604-B39AB172E614}.Release|ARM.ActiveCfg = Release|Any CPU
		{15E8B1CB-13C8-4C09-8604-B39AB172E614}.Release|ARM.Build.0 = Release|Any CPU
		{15E8B1CB-13C8-4C09-8604-B39AB172E614}.Release|ARM.Deploy.0 = Release|Any CPU
		{15E8B1CB-13C8-4C09-8604-B39AB172E614}.Release|iPhone.ActiveCfg = Release|Any CPU
		{15E8B1CB-13C8-4C09-8604-B39AB172E614}.Release|iPhone.Build.0 = Release|Any CPU
		{15E8B1CB-13C8-4C09-8604-B39AB172E614}.Release|iPhone.Deploy.0 = Release|Any CPU
		{15E8B1CB-13C8-4C09-8604-B39AB172E614}.Release|iPhoneSimulator.ActiveCfg = Release|Any CPU
		{15E8B1CB-13C8-4C09-8604-B39AB172E614}.Release|iPhoneSimulator.Build.0 = Release|Any CPU
		{15E8B1CB-13C8-4C09-8604-B39AB172E614}.Release|iPhoneSimulator.Deploy.0 = Release|Any CPU
		{15E8B1CB-13C8-4C09-8604-B39AB172E614}.Release|x64.ActiveCfg = Release|Any CPU
		{15E8B1CB-13C8-4C09-8604-B39AB172E614}.Release|x64.Build.0 = Release|Any CPU
		{15E8B1CB-13C8-4C09-8604-B39AB172E614}.Release|x64.Deploy.0 = Release|Any CPU
		{15E8B1CB-13C8-4C09-8604-B39AB172E614}.Release|x86.ActiveCfg = Release|Any CPU
		{15E8B1CB-13C8-4C09-8604-B39AB172E614}.Release|x86.Build.0 = Release|Any CPU
		{15E8B1CB-13C8-4C09-8604-B39AB172E614}.Release|x86.Deploy.0 = Release|Any CPU
		{BB5F3C5A-88F6-4B5C-8412-5FCA89DABBC5}.Ad-Hoc|Any CPU.ActiveCfg = Ad-Hoc|iPhone
		{BB5F3C5A-88F6-4B5C-8412-5FCA89DABBC5}.Ad-Hoc|Any CPU.Build.0 = Ad-Hoc|iPhone
		{BB5F3C5A-88F6-4B5C-8412-5FCA89DABBC5}.Ad-Hoc|Any CPU.Deploy.0 = Ad-Hoc|iPhone
		{BB5F3C5A-88F6-4B5C-8412-5FCA89DABBC5}.Ad-Hoc|ARM.ActiveCfg = Ad-Hoc|iPhone
		{BB5F3C5A-88F6-4B5C-8412-5FCA89DABBC5}.Ad-Hoc|ARM.Build.0 = Ad-Hoc|iPhone
		{BB5F3C5A-88F6-4B5C-8412-5FCA89DABBC5}.Ad-Hoc|ARM.Deploy.0 = Ad-Hoc|iPhone
		{BB5F3C5A-88F6-4B5C-8412-5FCA89DABBC5}.Ad-Hoc|iPhone.ActiveCfg = Ad-Hoc|iPhone
		{BB5F3C5A-88F6-4B5C-8412-5FCA89DABBC5}.Ad-Hoc|iPhone.Build.0 = Ad-Hoc|iPhone
		{BB5F3C5A-88F6-4B5C-8412-5FCA89DABBC5}.Ad-Hoc|iPhone.Deploy.0 = Ad-Hoc|iPhone
		{BB5F3C5A-88F6-4B5C-8412-5FCA89DABBC5}.Ad-Hoc|iPhoneSimulator.ActiveCfg = Ad-Hoc|iPhoneSimulator
		{BB5F3C5A-88F6-4B5C-8412-5FCA89DABBC5}.Ad-Hoc|iPhoneSimulator.Build.0 = Ad-Hoc|iPhoneSimulator
		{BB5F3C5A-88F6-4B5C-8412-5FCA89DABBC5}.Ad-Hoc|iPhoneSimulator.Deploy.0 = Ad-Hoc|iPhoneSimulator
		{BB5F3C5A-88F6-4B5C-8412-5FCA89DABBC5}.Ad-Hoc|x64.ActiveCfg = Ad-Hoc|iPhone
		{BB5F3C5A-88F6-4B5C-8412-5FCA89DABBC5}.Ad-Hoc|x64.Build.0 = Ad-Hoc|iPhone
		{BB5F3C5A-88F6-4B5C-8412-5FCA89DABBC5}.Ad-Hoc|x64.Deploy.0 = Ad-Hoc|iPhone
		{BB5F3C5A-88F6-4B5C-8412-5FCA89DABBC5}.Ad-Hoc|x86.ActiveCfg = Ad-Hoc|iPhone
		{BB5F3C5A-88F6-4B5C-8412-5FCA89DABBC5}.Ad-Hoc|x86.Build.0 = Ad-Hoc|iPhone
		{BB5F3C5A-88F6-4B5C-8412-5FCA89DABBC5}.Ad-Hoc|x86.Deploy.0 = Ad-Hoc|iPhone
		{BB5F3C5A-88F6-4B5C-8412-5FCA89DABBC5}.AppStore|Any CPU.ActiveCfg = AppStore|iPhone
		{BB5F3C5A-88F6-4B5C-8412-5FCA89DABBC5}.AppStore|Any CPU.Build.0 = AppStore|iPhone
		{BB5F3C5A-88F6-4B5C-8412-5FCA89DABBC5}.AppStore|Any CPU.Deploy.0 = AppStore|iPhone
		{BB5F3C5A-88F6-4B5C-8412-5FCA89DABBC5}.AppStore|ARM.ActiveCfg = AppStore|iPhone
		{BB5F3C5A-88F6-4B5C-8412-5FCA89DABBC5}.AppStore|ARM.Build.0 = AppStore|iPhone
		{BB5F3C5A-88F6-4B5C-8412-5FCA89DABBC5}.AppStore|ARM.Deploy.0 = AppStore|iPhone
		{BB5F3C5A-88F6-4B5C-8412-5FCA89DABBC5}.AppStore|iPhone.ActiveCfg = AppStore|iPhone
		{BB5F3C5A-88F6-4B5C-8412-5FCA89DABBC5}.AppStore|iPhone.Build.0 = AppStore|iPhone
		{BB5F3C5A-88F6-4B5C-8412-5FCA89DABBC5}.AppStore|iPhone.Deploy.0 = AppStore|iPhone
		{BB5F3C5A-88F6-4B5C-8412-5FCA89DABBC5}.AppStore|iPhoneSimulator.ActiveCfg = AppStore|iPhoneSimulator
		{BB5F3C5A-88F6-4B5C-8412-5FCA89DABBC5}.AppStore|iPhoneSimulator.Build.0 = AppStore|iPhoneSimulator
		{BB5F3C5A-88F6-4B5C-8412-5FCA89DABBC5}.AppStore|iPhoneSimulator.Deploy.0 = AppStore|iPhoneSimulator
		{BB5F3C5A-88F6-4B5C-8412-5FCA89DABBC5}.AppStore|x64.ActiveCfg = AppStore|iPhone
		{BB5F3C5A-88F6-4B5C-8412-5FCA89DABBC5}.AppStore|x64.Build.0 = AppStore|iPhone
		{BB5F3C5A-88F6-4B5C-8412-5FCA89DABBC5}.AppStore|x64.Deploy.0 = AppStore|iPhone
		{BB5F3C5A-88F6-4B5C-8412-5FCA89DABBC5}.AppStore|x86.ActiveCfg = AppStore|iPhone
		{BB5F3C5A-88F6-4B5C-8412-5FCA89DABBC5}.AppStore|x86.Build.0 = AppStore|iPhone
		{BB5F3C5A-88F6-4B5C-8412-5FCA89DABBC5}.AppStore|x86.Deploy.0 = AppStore|iPhone
		{BB5F3C5A-88F6-4B5C-8412-5FCA89DABBC5}.Debug|Any CPU.ActiveCfg = Debug|iPhoneSimulator
		{BB5F3C5A-88F6-4B5C-8412-5FCA89DABBC5}.Debug|Any CPU.Build.0 = Debug|iPhoneSimulator
		{BB5F3C5A-88F6-4B5C-8412-5FCA89DABBC5}.Debug|Any CPU.Deploy.0 = Debug|iPhoneSimulator
		{BB5F3C5A-88F6-4B5C-8412-5FCA89DABBC5}.Debug|ARM.ActiveCfg = Debug|iPhone
		{BB5F3C5A-88F6-4B5C-8412-5FCA89DABBC5}.Debug|ARM.Build.0 = Debug|iPhone
		{BB5F3C5A-88F6-4B5C-8412-5FCA89DABBC5}.Debug|ARM.Deploy.0 = Debug|iPhone
		{BB5F3C5A-88F6-4B5C-8412-5FCA89DABBC5}.Debug|iPhone.ActiveCfg = Debug|iPhone
		{BB5F3C5A-88F6-4B5C-8412-5FCA89DABBC5}.Debug|iPhone.Build.0 = Debug|iPhone
		{BB5F3C5A-88F6-4B5C-8412-5FCA89DABBC5}.Debug|iPhone.Deploy.0 = Debug|iPhone
		{BB5F3C5A-88F6-4B5C-8412-5FCA89DABBC5}.Debug|iPhoneSimulator.ActiveCfg = Debug|iPhoneSimulator
		{BB5F3C5A-88F6-4B5C-8412-5FCA89DABBC5}.Debug|iPhoneSimulator.Build.0 = Debug|iPhoneSimulator
		{BB5F3C5A-88F6-4B5C-8412-5FCA89DABBC5}.Debug|iPhoneSimulator.Deploy.0 = Debug|iPhoneSimulator
		{BB5F3C5A-88F6-4B5C-8412-5FCA89DABBC5}.Debug|x64.ActiveCfg = Debug|iPhone
		{BB5F3C5A-88F6-4B5C-8412-5FCA89DABBC5}.Debug|x64.Build.0 = Debug|iPhone
		{BB5F3C5A-88F6-4B5C-8412-5FCA89DABBC5}.Debug|x64.Deploy.0 = Debug|iPhone
		{BB5F3C5A-88F6-4B5C-8412-5FCA89DABBC5}.Debug|x86.ActiveCfg = Debug|iPhone
		{BB5F3C5A-88F6-4B5C-8412-5FCA89DABBC5}.Debug|x86.Build.0 = Debug|iPhone
		{BB5F3C5A-88F6-4B5C-8412-5FCA89DABBC5}.Debug|x86.Deploy.0 = Debug|iPhone
		{BB5F3C5A-88F6-4B5C-8412-5FCA89DABBC5}.Release|Any CPU.ActiveCfg = Release|iPhone
		{BB5F3C5A-88F6-4B5C-8412-5FCA89DABBC5}.Release|Any CPU.Build.0 = Release|iPhone
		{BB5F3C5A-88F6-4B5C-8412-5FCA89DABBC5}.Release|Any CPU.Deploy.0 = Release|iPhone
		{BB5F3C5A-88F6-4B5C-8412-5FCA89DABBC5}.Release|ARM.ActiveCfg = Release|iPhone
		{BB5F3C5A-88F6-4B5C-8412-5FCA89DABBC5}.Release|ARM.Build.0 = Release|iPhone
		{BB5F3C5A-88F6-4B5C-8412-5FCA89DABBC5}.Release|ARM.Deploy.0 = Release|iPhone
		{BB5F3C5A-88F6-4B5C-8412-5FCA89DABBC5}.Release|iPhone.ActiveCfg = Release|iPhone
		{BB5F3C5A-88F6-4B5C-8412-5FCA89DABBC5}.Release|iPhone.Build.0 = Release|iPhone
		{BB5F3C5A-88F6-4B5C-8412-5FCA89DABBC5}.Release|iPhone.Deploy.0 = Release|iPhone
		{BB5F3C5A-88F6-4B5C-8412-5FCA89DABBC5}.Release|iPhoneSimulator.ActiveCfg = Release|iPhoneSimulator
		{BB5F3C5A-88F6-4B5C-8412-5FCA89DABBC5}.Release|iPhoneSimulator.Build.0 = Release|iPhoneSimulator
		{BB5F3C5A-88F6-4B5C-8412-5FCA89DABBC5}.Release|iPhoneSimulator.Deploy.0 = Release|iPhoneSimulator
		{BB5F3C5A-88F6-4B5C-8412-5FCA89DABBC5}.Release|x64.ActiveCfg = Release|iPhone
		{BB5F3C5A-88F6-4B5C-8412-5FCA89DABBC5}.Release|x64.Build.0 = Release|iPhone
		{BB5F3C5A-88F6-4B5C-8412-5FCA89DABBC5}.Release|x64.Deploy.0 = Release|iPhone
		{BB5F3C5A-88F6-4B5C-8412-5FCA89DABBC5}.Release|x86.ActiveCfg = Release|iPhone
		{BB5F3C5A-88F6-4B5C-8412-5FCA89DABBC5}.Release|x86.Build.0 = Release|iPhone
		{BB5F3C5A-88F6-4B5C-8412-5FCA89DABBC5}.Release|x86.Deploy.0 = Release|iPhone
		{F9551DF7-4213-44D4-B443-E30174DC890C}.Ad-Hoc|Any CPU.ActiveCfg = Release|x86
		{F9551DF7-4213-44D4-B443-E30174DC890C}.Ad-Hoc|Any CPU.Build.0 = Release|x86
		{F9551DF7-4213-44D4-B443-E30174DC890C}.Ad-Hoc|Any CPU.Deploy.0 = Release|x86
		{F9551DF7-4213-44D4-B443-E30174DC890C}.Ad-Hoc|ARM.ActiveCfg = Release|ARM
		{F9551DF7-4213-44D4-B443-E30174DC890C}.Ad-Hoc|ARM.Build.0 = Release|ARM
		{F9551DF7-4213-44D4-B443-E30174DC890C}.Ad-Hoc|ARM.Deploy.0 = Release|ARM
		{F9551DF7-4213-44D4-B443-E30174DC890C}.Ad-Hoc|iPhone.ActiveCfg = Release|x86
		{F9551DF7-4213-44D4-B443-E30174DC890C}.Ad-Hoc|iPhone.Build.0 = Release|x86
		{F9551DF7-4213-44D4-B443-E30174DC890C}.Ad-Hoc|iPhone.Deploy.0 = Release|x86
		{F9551DF7-4213-44D4-B443-E30174DC890C}.Ad-Hoc|iPhoneSimulator.ActiveCfg = Release|x86
		{F9551DF7-4213-44D4-B443-E30174DC890C}.Ad-Hoc|iPhoneSimulator.Build.0 = Release|x86
		{F9551DF7-4213-44D4-B443-E30174DC890C}.Ad-Hoc|iPhoneSimulator.Deploy.0 = Release|x86
		{F9551DF7-4213-44D4-B443-E30174DC890C}.Ad-Hoc|x64.ActiveCfg = Release|x64
		{F9551DF7-4213-44D4-B443-E30174DC890C}.Ad-Hoc|x64.Build.0 = Release|x64
		{F9551DF7-4213-44D4-B443-E30174DC890C}.Ad-Hoc|x64.Deploy.0 = Release|x64
		{F9551DF7-4213-44D4-B443-E30174DC890C}.Ad-Hoc|x86.ActiveCfg = Release|x86
		{F9551DF7-4213-44D4-B443-E30174DC890C}.Ad-Hoc|x86.Build.0 = Release|x86
		{F9551DF7-4213-44D4-B443-E30174DC890C}.Ad-Hoc|x86.Deploy.0 = Release|x86
		{F9551DF7-4213-44D4-B443-E30174DC890C}.AppStore|Any CPU.ActiveCfg = Release|x86
		{F9551DF7-4213-44D4-B443-E30174DC890C}.AppStore|Any CPU.Build.0 = Release|x86
		{F9551DF7-4213-44D4-B443-E30174DC890C}.AppStore|Any CPU.Deploy.0 = Release|x86
		{F9551DF7-4213-44D4-B443-E30174DC890C}.AppStore|ARM.ActiveCfg = Release|ARM
		{F9551DF7-4213-44D4-B443-E30174DC890C}.AppStore|ARM.Build.0 = Release|ARM
		{F9551DF7-4213-44D4-B443-E30174DC890C}.AppStore|ARM.Deploy.0 = Release|ARM
		{F9551DF7-4213-44D4-B443-E30174DC890C}.AppStore|iPhone.ActiveCfg = Release|x86
		{F9551DF7-4213-44D4-B443-E30174DC890C}.AppStore|iPhone.Build.0 = Release|x86
		{F9551DF7-4213-44D4-B443-E30174DC890C}.AppStore|iPhone.Deploy.0 = Release|x86
		{F9551DF7-4213-44D4-B443-E30174DC890C}.AppStore|iPhoneSimulator.ActiveCfg = Release|x86
		{F9551DF7-4213-44D4-B443-E30174DC890C}.AppStore|iPhoneSimulator.Build.0 = Release|x86
		{F9551DF7-4213-44D4-B443-E30174DC890C}.AppStore|iPhoneSimulator.Deploy.0 = Release|x86
		{F9551DF7-4213-44D4-B443-E30174DC890C}.AppStore|x64.ActiveCfg = Release|x64
		{F9551DF7-4213-44D4-B443-E30174DC890C}.AppStore|x64.Build.0 = Release|x64
		{F9551DF7-4213-44D4-B443-E30174DC890C}.AppStore|x64.Deploy.0 = Release|x64
		{F9551DF7-4213-44D4-B443-E30174DC890C}.AppStore|x86.ActiveCfg = Release|x86
		{F9551DF7-4213-44D4-B443-E30174DC890C}.AppStore|x86.Build.0 = Release|x86
		{F9551DF7-4213-44D4-B443-E30174DC890C}.AppStore|x86.Deploy.0 = Release|x86
		{F9551DF7-4213-44D4-B443-E30174DC890C}.Debug|Any CPU.ActiveCfg = Debug|x86
		{F9551DF7-4213-44D4-B443-E30174DC890C}.Debug|Any CPU.Build.0 = Debug|x86
		{F9551DF7-4213-44D4-B443-E30174DC890C}.Debug|Any CPU.Deploy.0 = Debug|x86
		{F9551DF7-4213-44D4-B443-E30174DC890C}.Debug|ARM.ActiveCfg = Debug|ARM
		{F9551DF7-4213-44D4-B443-E30174DC890C}.Debug|ARM.Build.0 = Debug|ARM
		{F9551DF7-4213-44D4-B443-E30174DC890C}.Debug|ARM.Deploy.0 = Debug|ARM
		{F9551DF7-4213-44D4-B443-E30174DC890C}.Debug|iPhone.ActiveCfg = Debug|x86
		{F9551DF7-4213-44D4-B443-E30174DC890C}.Debug|iPhone.Build.0 = Debug|x86
		{F9551DF7-4213-44D4-B443-E30174DC890C}.Debug|iPhone.Deploy.0 = Debug|x86
		{F9551DF7-4213-44D4-B443-E30174DC890C}.Debug|iPhoneSimulator.ActiveCfg = Debug|x86
		{F9551DF7-4213-44D4-B443-E30174DC890C}.Debug|iPhoneSimulator.Build.0 = Debug|x86
		{F9551DF7-4213-44D4-B443-E30174DC890C}.Debug|iPhoneSimulator.Deploy.0 = Debug|x86
		{F9551DF7-4213-44D4-B443-E30174DC890C}.Debug|x64.ActiveCfg = Debug|x64
		{F9551DF7-4213-44D4-B443-E30174DC890C}.Debug|x64.Build.0 = Debug|x64
		{F9551DF7-4213-44D4-B443-E30174DC890C}.Debug|x64.Deploy.0 = Debug|x64
		{F9551DF7-4213-44D4-B443-E30174DC890C}.Debug|x86.ActiveCfg = Debug|x86
		{F9551DF7-4213-44D4-B443-E30174DC890C}.Debug|x86.Build.0 = Debug|x86
		{F9551DF7-4213-44D4-B443-E30174DC890C}.Debug|x86.Deploy.0 = Debug|x86
		{F9551DF7-4213-44D4-B443-E30174DC890C}.Release|Any CPU.ActiveCfg = Release|x86
		{F9551DF7-4213-44D4-B443-E30174DC890C}.Release|Any CPU.Build.0 = Release|x86
		{F9551DF7-4213-44D4-B443-E30174DC890C}.Release|Any CPU.Deploy.0 = Release|x86
		{F9551DF7-4213-44D4-B443-E30174DC890C}.Release|ARM.ActiveCfg = Release|ARM
		{F9551DF7-4213-44D4-B443-E30174DC890C}.Release|ARM.Build.0 = Release|ARM
		{F9551DF7-4213-44D4-B443-E30174DC890C}.Release|ARM.Deploy.0 = Release|ARM
		{F9551DF7-4213-44D4-B443-E30174DC890C}.Release|iPhone.ActiveCfg = Release|x86
		{F9551DF7-4213-44D4-B443-E30174DC890C}.Release|iPhone.Build.0 = Release|x86
		{F9551DF7-4213-44D4-B443-E30174DC890C}.Release|iPhone.Deploy.0 = Release|x86
		{F9551DF7-4213-44D4-B443-E30174DC890C}.Release|iPhoneSimulator.ActiveCfg = Release|x86
		{F9551DF7-4213-44D4-B443-E30174DC890C}.Release|iPhoneSimulator.Build.0 = Release|x86
		{F9551DF7-4213-44D4-B443-E30174DC890C}.Release|iPhoneSimulator.Deploy.0 = Release|x86
		{F9551DF7-4213-44D4-B443-E30174DC890C}.Release|x64.ActiveCfg = Release|x64
		{F9551DF7-4213-44D4-B443-E30174DC890C}.Release|x64.Build.0 = Release|x64
		{F9551DF7-4213-44D4-B443-E30174DC890C}.Release|x64.Deploy.0 = Release|x64
		{F9551DF7-4213-44D4-B443-E30174DC890C}.Release|x86.ActiveCfg = Release|x86
		{F9551DF7-4213-44D4-B443-E30174DC890C}.Release|x86.Build.0 = Release|x86
		{F9551DF7-4213-44D4-B443-E30174DC890C}.Release|x86.Deploy.0 = Release|x86
		{A75563F9-32DC-4E02-9891-5E5661BDD520}.Ad-Hoc|Any CPU.ActiveCfg = Debug|Any CPU
		{A75563F9-32DC-4E02-9891-5E5661BDD520}.Ad-Hoc|Any CPU.Build.0 = Debug|Any CPU
		{A75563F9-32DC-4E02-9891-5E5661BDD520}.Ad-Hoc|Any CPU.Deploy.0 = Debug|Any CPU
		{A75563F9-32DC-4E02-9891-5E5661BDD520}.Ad-Hoc|ARM.ActiveCfg = Debug|Any CPU
		{A75563F9-32DC-4E02-9891-5E5661BDD520}.Ad-Hoc|ARM.Build.0 = Debug|Any CPU
		{A75563F9-32DC-4E02-9891-5E5661BDD520}.Ad-Hoc|ARM.Deploy.0 = Debug|Any CPU
		{A75563F9-32DC-4E02-9891-5E5661BDD520}.Ad-Hoc|iPhone.ActiveCfg = Debug|Any CPU
		{A75563F9-32DC-4E02-9891-5E5661BDD520}.Ad-Hoc|iPhone.Build.0 = Debug|Any CPU
		{A75563F9-32DC-4E02-9891-5E5661BDD520}.Ad-Hoc|iPhone.Deploy.0 = Debug|Any CPU
		{A75563F9-32DC-4E02-9891-5E5661BDD520}.Ad-Hoc|iPhoneSimulator.ActiveCfg = Debug|Any CPU
		{A75563F9-32DC-4E02-9891-5E5661BDD520}.Ad-Hoc|iPhoneSimulator.Build.0 = Debug|Any CPU
		{A75563F9-32DC-4E02-9891-5E5661BDD520}.Ad-Hoc|iPhoneSimulator.Deploy.0 = Debug|Any CPU
		{A75563F9-32DC-4E02-9891-5E5661BDD520}.Ad-Hoc|x64.ActiveCfg = Debug|Any CPU
		{A75563F9-32DC-4E02-9891-5E5661BDD520}.Ad-Hoc|x64.Build.0 = Debug|Any CPU
		{A75563F9-32DC-4E02-9891-5E5661BDD520}.Ad-Hoc|x64.Deploy.0 = Debug|Any CPU
		{A75563F9-32DC-4E02-9891-5E5661BDD520}.Ad-Hoc|x86.ActiveCfg = Debug|Any CPU
		{A75563F9-32DC-4E02-9891-5E5661BDD520}.Ad-Hoc|x86.Build.0 = Debug|Any CPU
		{A75563F9-32DC-4E02-9891-5E5661BDD520}.Ad-Hoc|x86.Deploy.0 = Debug|Any CPU
		{A75563F9-32DC-4E02-9891-5E5661BDD520}.AppStore|Any CPU.ActiveCfg = Debug|Any CPU
		{A75563F9-32DC-4E02-9891-5E5661BDD520}.AppStore|Any CPU.Build.0 = Debug|Any CPU
		{A75563F9-32DC-4E02-9891-5E5661BDD520}.AppStore|Any CPU.Deploy.0 = Debug|Any CPU
		{A75563F9-32DC-4E02-9891-5E5661BDD520}.AppStore|ARM.ActiveCfg = Debug|Any CPU
		{A75563F9-32DC-4E02-9891-5E5661BDD520}.AppStore|ARM.Build.0 = Debug|Any CPU
		{A75563F9-32DC-4E02-9891-5E5661BDD520}.AppStore|ARM.Deploy.0 = Debug|Any CPU
		{A75563F9-32DC-4E02-9891-5E5661BDD520}.AppStore|iPhone.ActiveCfg = Debug|Any CPU
		{A75563F9-32DC-4E02-9891-5E5661BDD520}.AppStore|iPhone.Build.0 = Debug|Any CPU
		{A75563F9-32DC-4E02-9891-5E5661BDD520}.AppStore|iPhone.Deploy.0 = Debug|Any CPU
		{A75563F9-32DC-4E02-9891-5E5661BDD520}.AppStore|iPhoneSimulator.ActiveCfg = Debug|Any CPU
		{A75563F9-32DC-4E02-9891-5E5661BDD520}.AppStore|iPhoneSimulator.Build.0 = Debug|Any CPU
		{A75563F9-32DC-4E02-9891-5E5661BDD520}.AppStore|iPhoneSimulator.Deploy.0 = Debug|Any CPU
		{A75563F9-32DC-4E02-9891-5E5661BDD520}.AppStore|x64.ActiveCfg = Debug|Any CPU
		{A75563F9-32DC-4E02-9891-5E5661BDD520}.AppStore|x64.Build.0 = Debug|Any CPU
		{A75563F9-32DC-4E02-9891-5E5661BDD520}.AppStore|x64.Deploy.0 = Debug|Any CPU
		{A75563F9-32DC-4E02-9891-5E5661BDD520}.AppStore|x86.ActiveCfg = Debug|Any CPU
		{A75563F9-32DC-4E02-9891-5E5661BDD520}.AppStore|x86.Build.0 = Debug|Any CPU
		{A75563F9-32DC-4E02-9891-5E5661BDD520}.AppStore|x86.Deploy.0 = Debug|Any CPU
		{A75563F9-32DC-4E02-9891-5E5661BDD520}.Debug|Any CPU.ActiveCfg = Debug|Any CPU
		{A75563F9-32DC-4E02-9891-5E5661BDD520}.Debug|Any CPU.Build.0 = Debug|Any CPU
		{A75563F9-32DC-4E02-9891-5E5661BDD520}.Debug|Any CPU.Deploy.0 = Debug|Any CPU
		{A75563F9-32DC-4E02-9891-5E5661BDD520}.Debug|ARM.ActiveCfg = Debug|Any CPU
		{A75563F9-32DC-4E02-9891-5E5661BDD520}.Debug|ARM.Build.0 = Debug|Any CPU
		{A75563F9-32DC-4E02-9891-5E5661BDD520}.Debug|ARM.Deploy.0 = Debug|Any CPU
		{A75563F9-32DC-4E02-9891-5E5661BDD520}.Debug|iPhone.ActiveCfg = Debug|Any CPU
		{A75563F9-32DC-4E02-9891-5E5661BDD520}.Debug|iPhone.Build.0 = Debug|Any CPU
		{A75563F9-32DC-4E02-9891-5E5661BDD520}.Debug|iPhone.Deploy.0 = Debug|Any CPU
		{A75563F9-32DC-4E02-9891-5E5661BDD520}.Debug|iPhoneSimulator.ActiveCfg = Debug|Any CPU
		{A75563F9-32DC-4E02-9891-5E5661BDD520}.Debug|iPhoneSimulator.Build.0 = Debug|Any CPU
		{A75563F9-32DC-4E02-9891-5E5661BDD520}.Debug|iPhoneSimulator.Deploy.0 = Debug|Any CPU
		{A75563F9-32DC-4E02-9891-5E5661BDD520}.Debug|x64.ActiveCfg = Debug|Any CPU
		{A75563F9-32DC-4E02-9891-5E5661BDD520}.Debug|x64.Build.0 = Debug|Any CPU
		{A75563F9-32DC-4E02-9891-5E5661BDD520}.Debug|x64.Deploy.0 = Debug|Any CPU
		{A75563F9-32DC-4E02-9891-5E5661BDD520}.Debug|x86.ActiveCfg = Debug|Any CPU
		{A75563F9-32DC-4E02-9891-5E5661BDD520}.Debug|x86.Build.0 = Debug|Any CPU
		{A75563F9-32DC-4E02-9891-5E5661BDD520}.Debug|x86.Deploy.0 = Debug|Any CPU
		{A75563F9-32DC-4E02-9891-5E5661BDD520}.Release|Any CPU.ActiveCfg = Release|Any CPU
		{A75563F9-32DC-4E02-9891-5E5661BDD520}.Release|Any CPU.Build.0 = Release|Any CPU
		{A75563F9-32DC-4E02-9891-5E5661BDD520}.Release|Any CPU.Deploy.0 = Release|Any CPU
		{A75563F9-32DC-4E02-9891-5E5661BDD520}.Release|ARM.ActiveCfg = Release|Any CPU
		{A75563F9-32DC-4E02-9891-5E5661BDD520}.Release|ARM.Build.0 = Release|Any CPU
		{A75563F9-32DC-4E02-9891-5E5661BDD520}.Release|ARM.Deploy.0 = Release|Any CPU
		{A75563F9-32DC-4E02-9891-5E5661BDD520}.Release|iPhone.ActiveCfg = Release|Any CPU
		{A75563F9-32DC-4E02-9891-5E5661BDD520}.Release|iPhone.Build.0 = Release|Any CPU
		{A75563F9-32DC-4E02-9891-5E5661BDD520}.Release|iPhone.Deploy.0 = Release|Any CPU
		{A75563F9-32DC-4E02-9891-5E5661BDD520}.Release|iPhoneSimulator.ActiveCfg = Release|Any CPU
		{A75563F9-32DC-4E02-9891-5E5661BDD520}.Release|iPhoneSimulator.Build.0 = Release|Any CPU
		{A75563F9-32DC-4E02-9891-5E5661BDD520}.Release|iPhoneSimulator.Deploy.0 = Release|Any CPU
		{A75563F9-32DC-4E02-9891-5E5661BDD520}.Release|x64.ActiveCfg = Release|Any CPU
		{A75563F9-32DC-4E02-9891-5E5661BDD520}.Release|x64.Build.0 = Release|Any CPU
		{A75563F9-32DC-4E02-9891-5E5661BDD520}.Release|x64.Deploy.0 = Release|Any CPU
		{A75563F9-32DC-4E02-9891-5E5661BDD520}.Release|x86.ActiveCfg = Release|Any CPU
		{A75563F9-32DC-4E02-9891-5E5661BDD520}.Release|x86.Build.0 = Release|Any CPU
		{A75563F9-32DC-4E02-9891-5E5661BDD520}.Release|x86.Deploy.0 = Release|Any CPU
	EndGlobalSection
	GlobalSection(SolutionProperties) = preSolution
		HideSolutionNode = FALSE
	EndGlobalSection
	GlobalSection(ExtensibilityGlobals) = postSolution
		SolutionGuid = {960541F8-D3C3-40B4-ACFD-0EE95ADBDE8A}
	EndGlobalSection
EndGlobal
